// !$*UTF8*$!
{
	archiveVersion = 1;
	classes = {
	};
	objectVersion = 46;
	objects = {

/* Begin PBXBuildFile section */
		6F9BD0B21DDD8D1700A7ACF2 /* main.m in Sources */ = {isa = PBXBuildFile; fileRef = 6F9BD0B11DDD8D1700A7ACF2 /* main.m */; };
/* End PBXBuildFile section */

/* Begin PBXCopyFilesBuildPhase section */
		6F9BD0AC1DDD8D1700A7ACF2 /* CopyFiles */ = {
			isa = PBXCopyFilesBuildPhase;
			buildActionMask = 2147483647;
			dstPath = /usr/share/man/man1/;
			dstSubfolderSpec = 0;
			files = (
			);
			runOnlyForDeploymentPostprocessing = 1;
		};
/* End PBXCopyFilesBuildPhase section */

/* Begin PBXFileReference section */
		6F9BD0AE1DDD8D1700A7ACF2 /* PWArrayAssignment */ = {isa = PBXFileReference; explicitFileType = "compiled.mach-o.executable"; includeInIndex = 0; path = PWArrayAssignment; sourceTree = BUILT_PRODUCTS_DIR; };
		6F9BD0B11DDD8D1700A7ACF2 /* main.m */ = {isa = PBXFileReference; lastKnownFileType = sourcecode.c.objc; path = main.m; sourceTree = "<group>"; };
/* End PBXFileReference section */

/* Begin PBXFrameworksBuildPhase section */
		6F9BD0AB1DDD8D1700A7ACF2 /* Frameworks */ = {
			isa = PBXFrameworksBuildPhase;
			buildActionMask = 2147483647;
			files = (
			);
			runOnlyForDeploymentPostprocessing = 0;
		};
/* End PBXFrameworksBuildPhase section */

/* Begin PBXGroup section */
		6F9BD0A51DDD8D1600A7ACF2 = {
			isa = PBXGroup;
			children = (
				6F9BD0B01DDD8D1700A7ACF2 /* PWArrayAssignment */,
				6F9BD0AF1DDD8D1700A7ACF2 /* Products */,
			);
			sourceTree = "<group>";
		};
		6F9BD0AF1DDD8D1700A7ACF2 /* Products */ = {
			isa = PBXGroup;
			children = (
				6F9BD0AE1DDD8D1700A7ACF2 /* PWArrayAssignment */,
			);
			name = Products;
			sourceTree = "<group>";
		};
		6F9BD0B01DDD8D1700A7ACF2 /* PWArrayAssignment */ = {
			isa = PBXGroup;
			children = (
				6F9BD0B11DDD8D1700A7ACF2 /* main.m */,
			);
			path = PWArrayAssignment;
			sourceTree = "<group>";
		};
/* End PBXGroup section */

/* Begin PBXNativeTarget section */
		6F9BD0AD1DDD8D1700A7ACF2 /* PWArrayAssignment */ = {
			isa = PBXNativeTarget;
			buildConfigurationList = 6F9BD0B51DDD8D1700A7ACF2 /* Build configuration list for PBXNativeTarget "PWArrayAssignment" */;
			buildPhases = (
				6F9BD0AA1DDD8D1700A7ACF2 /* Sources */,
				6F9BD0AB1DDD8D1700A7ACF2 /* Frameworks */,
				6F9BD0AC1DDD8D1700A7ACF2 /* CopyFiles */,
			);
			buildRules = (
			);
			dependencies = (
			);
			name = PWArrayAssignment;
			productName = PWArrayAssignment;
			productReference = 6F9BD0AE1DDD8D1700A7ACF2 /* PWArrayAssignment */;
			productType = "com.apple.product-type.tool";
		};
/* End PBXNativeTarget section */

/* Begin PBXProject section */
		6F9BD0A61DDD8D1600A7ACF2 /* Project object */ = {
			isa = PBXProject;
			attributes = {
				LastUpgradeCheck = 0730;
				ORGANIZATIONNAME = "Pallavi Wani";
				TargetAttributes = {
					6F9BD0AD1DDD8D1700A7ACF2 = {
						CreatedOnToolsVersion = 7.3.1;
					};
				};
			};
			buildConfigurationList = 6F9BD0A91DDD8D1600A7ACF2 /* Build configuration list for PBXProject "PWArrayAssignment" */;
			compatibilityVersion = "Xcode 3.2";
			developmentRegion = English;
			hasScannedForEncodings = 0;
			knownRegions = (
				en,
			);
			mainGroup = 6F9BD0A51DDD8D1600A7ACF2;
			productRefGroup = 6F9BD0AF1DDD8D1700A7ACF2 /* Products */;
			projectDirPath = "";
			projectRoot = "";
			targets = (
				6F9BD0AD1DDD8D1700A7ACF2 /* PWArrayAssignment */,
			);
		};
/* End PBXProject section */

/* Begin PBXSourcesBuildPhase section */
		6F9BD0AA1DDD8D1700A7ACF2 /* Sources */ = {
			isa = PBXSourcesBuildPhase;
			buildActionMask = 2147483647;
			files = (
				6F9BD0B21DDD8D1700A7ACF2 /* main.m in Sources */,
			);
			runOnlyForDeploymentPostprocessing = 0;
		};
/* End PBXSourcesBuildPhase section */

/* Begin XCBuildConfiguration section */
		6F9BD0B31DDD8D1700A7ACF2 /* Debug */ = {
			isa = XCBuildConfiguration;
			buildSettings = {
				ALWAYS_SEARCH_USER_PATHS = NO;
				CLANG_ANALYZER_NONNULL = YES;
				CLANG_CXX_LANGUAGE_STANDARD = "gnu++0x";
				CLANG_CXX_LIBRARY = "libc++";
				CLANG_ENABLE_MODULES = YES;
				CLANG_ENABLE_OBJC_ARC = YES;
				CLANG_WARN_BOOL_CONVERSION = YES;
				CLANG_WARN_CONSTANT_CONVERSION = YES;
				CLANG_WARN_DIRECT_OBJC_ISA_USAGE = YES_ERROR;
				CLANG_WARN_EMPTY_BODY = YES;
				CLANG_WARN_ENUM_CONVERSION = YES;
				CLANG_WARN_INT_CONVERSION = YES;
				CLANG_WARN_OBJC_ROOT_CLASS = YES_ERROR;
				CLANG_WARN_UNREACHABLE_CODE = YES;
				CLANG_WARN__DUPLICATE_METHOD_MATCH = YES;
				CODE_SIGN_IDENTITY = "-";
				COPY_PHASE_STRIP = NO;
				DEBUG_INFORMATION_FORMAT = dwarf;
				ENABLE_STRICT_OBJC_MSGSEND = YES;
				ENABLE_TESTABILITY = YES;
				GCC_C_LANGUAGE_STANDARD = gnu99;
				GCC_DYNAMIC_NO_PIC = NO;
				GCC_NO_COMMON_BLOCKS = YES;
				GCC_OPTIMIZATION_LEVEL = 0;
				GCC_PREPROCESSOR_DEFINITIONS = (
					"DEBUG=1",
					"$(inherited)",
				);
				GCC_WARN_64_TO_32_BIT_CONVERSION = YES;
				GCC_WARN_ABOUT_RETURN_TYPE = YES_ERROR;
				GCC_WARN_UNDECLARED_SELECTOR = YES;
				GCC_WARN_UNINITIALIZED_AUTOS = YES_AGGRESSIVE;
				GCC_WARN_UNUSED_FUNCTION = YES;
				GCC_WARN_UNUSED_VARIABLE = YES;
				MACOSX_DEPLOYMENT_TARGET = 10.11;
				MTL_ENABLE_DEBUG_INFO = YES;
				ONLY_ACTIVE_ARCH = YES;
				SDKROOT = macosx;
			};
			name = Debug;
		};
		6F9BD0B41DDD8D1700A7ACF2 /* Release */ = {
			isa = XCBuildConfiguration;
			buildSettings = {
				ALWAYS_SEARCH_USER_PATHS = NO;
				CLANG_ANALYZER_NONNULL = YES;
				CLANG_CXX_LANGUAGE_STANDARD = "gnu++0x";
				CLANG_CXX_LIBRARY = "libc++";
				CLANG_ENABLE_MODULES = YES;
				CLANG_ENABLE_OBJC_ARC = YES;
				CLANG_WARN_BOOL_CONVERSION = YES;
				CLANG_WARN_CONSTANT_CONVERSION = YES;
				CLANG_WARN_DIRECT_OBJC_ISA_USAGE = YES_ERROR;
				CLANG_WARN_EMPTY_BODY = YES;
				CLANG_WARN_ENUM_CONVERSION = YES;
				CLANG_WARN_INT_CONVERSION = YES;
				CLANG_WARN_OBJC_ROOT_CLASS = YES_ERROR;
				CLANG_WARN_UNREACHABLE_CODE = YES;
				CLANG_WARN__DUPLICATE_METHOD_MATCH = YES;
				CODE_SIGN_IDENTITY = "-";
				COPY_PHASE_STRIP = NO;
				DEBUG_INFORMATION_FORMAT = "dwarf-with-dsym";
				ENABLE_NS_ASSERTIONS = NO;
				ENABLE_STRICT_OBJC_MSGSEND = YES;
				GCC_C_LANGUAGE_STANDARD = gnu99;
				GCC_NO_COMMON_BLOCKS = YES;
				GCC_WARN_64_TO_32_BIT_CONVERSION = YES;
				GCC_WARN_ABOUT_RETURN_TYPE = YES_ERROR;
				GCC_WARN_UNDECLARED_SELECTOR = YES;
				GCC_WARN_UNINITIALIZED_AUTOS = YES_AGGRESSIVE;
				GCC_WARN_UNUSED_FUNCTION = YES;
				GCC_WARN_UNUSED_VARIABLE = YES;
				MACOSX_DEPLOYMENT_TARGET = 10.11;
				MTL_ENABLE_DEBUG_INFO = NO;
				SDKROOT = macosx;
			};
			name = Release;
		};
		6F9BD0B61DDD8D1700A7ACF2 /* Debug */ = {
			isa = XCBuildConfiguration;
			buildSettings = {
				PRODUCT_NAME = "$(TARGET_NAME)";
			};
			name = Debug;
		};
		6F9BD0B71DDD8D1700A7ACF2 /* Release */ = {
			isa = XCBuildConfiguration;
			buildSettings = {
				PRODUCT_NAME = "$(TARGET_NAME)";
			};
			name = Release;
		};
/* End XCBuildConfiguration section */

/* Begin XCConfigurationList section */
		6F9BD0A91DDD8D1600A7ACF2 /* Build configuration list for PBXProject "PWArrayAssignment" */ = {
			isa = XCConfigurationList;
			buildConfigurations = (
				6F9BD0B31DDD8D1700A7ACF2 /* Debug */,
				6F9BD0B41DDD8D1700A7ACF2 /* Release */,
			);
			defaultConfigurationIsVisible = 0;
			defaultConfigurationName = Release;
		};
		6F9BD0B51DDD8D1700A7ACF2 /* Build configuration list for PBXNativeTarget "PWArrayAssignment" */ = {
			isa = XCConfigurationList;
			buildConfigurations = (
				6F9BD0B61DDD8D1700A7ACF2 /* Debug */,
				6F9BD0B71DDD8D1700A7ACF2 /* Release */,
			);
			defaultConfigurationIsVisible = 0;
		};
/* End XCConfigurationList section */
	};
	rootObject = 6F9BD0A61DDD8D1600A7ACF2 /* Project object */;
}
